// !$*UTF8*$!
{
	archiveVersion = 1;
	classes = {
	};
	objectVersion = 51;
	objects = {

/* Begin PBXBuildFile section */
		31143650223E9FBA0029B391 /* ActionTable.swift in Sources */ = {isa = PBXBuildFile; fileRef = 3114364F223E9FBA0029B391 /* ActionTable.swift */; };
		31146346223E61C6003C520B /* BluetoothLEService.swift in Sources */ = {isa = PBXBuildFile; fileRef = 31146345223E61C6003C520B /* BluetoothLEService.swift */; };
		31146348223E6A9A003C520B /* BluetoothLEUUID.swift in Sources */ = {isa = PBXBuildFile; fileRef = 31146347223E6A9A003C520B /* BluetoothLEUUID.swift */; };
		3114634A223E88DD003C520B /* BluetoothLEServiceDelegate.swift in Sources */ = {isa = PBXBuildFile; fileRef = 31146349223E88DD003C520B /* BluetoothLEServiceDelegate.swift */; };
		3114634C223E91F6003C520B /* StorageUtil.swift in Sources */ = {isa = PBXBuildFile; fileRef = 3114634B223E91F6003C520B /* StorageUtil.swift */; };
		31146350223E9D55003C520B /* ActionCell.swift in Sources */ = {isa = PBXBuildFile; fileRef = 3114634F223E9D55003C520B /* ActionCell.swift */; };
		311706B02242011000D4E575 /* ProtocolManager.swift in Sources */ = {isa = PBXBuildFile; fileRef = 311706AF2242011000D4E575 /* ProtocolManager.swift */; };
		311706B2224204AE00D4E575 /* ProtocolEditorCell.swift in Sources */ = {isa = PBXBuildFile; fileRef = 311706B1224204AE00D4E575 /* ProtocolEditorCell.swift */; };
		311706B4224204BB00D4E575 /* ProtocolEditorTable.swift in Sources */ = {isa = PBXBuildFile; fileRef = 311706B3224204BB00D4E575 /* ProtocolEditorTable.swift */; };
		311BE4F8223D644E006189D5 /* AppDelegate.swift in Sources */ = {isa = PBXBuildFile; fileRef = 311BE4F7223D644E006189D5 /* AppDelegate.swift */; };
		311BE4FA223D644E006189D5 /* PCRViewController.swift in Sources */ = {isa = PBXBuildFile; fileRef = 311BE4F9223D644E006189D5 /* PCRViewController.swift */; };
		311BE4FC223D644E006189D5 /* ProtocolEditorViewController.swift in Sources */ = {isa = PBXBuildFile; fileRef = 311BE4FB223D644E006189D5 /* ProtocolEditorViewController.swift */; };
		311BE4FF223D644E006189D5 /* Main.storyboard in Resources */ = {isa = PBXBuildFile; fileRef = 311BE4FD223D644E006189D5 /* Main.storyboard */; };
		311BE501223D6450006189D5 /* Assets.xcassets in Resources */ = {isa = PBXBuildFile; fileRef = 311BE500223D6450006189D5 /* Assets.xcassets */; };
		311BE504223D6450006189D5 /* LaunchScreen.storyboard in Resources */ = {isa = PBXBuildFile; fileRef = 311BE502223D6450006189D5 /* LaunchScreen.storyboard */; };
		311BE50F223D6450006189D5 /* DuxCyclerTests.swift in Sources */ = {isa = PBXBuildFile; fileRef = 311BE50E223D6450006189D5 /* DuxCyclerTests.swift */; };
		311BE51A223D6450006189D5 /* DuxCyclerUITests.swift in Sources */ = {isa = PBXBuildFile; fileRef = 311BE519223D6450006189D5 /* DuxCyclerUITests.swift */; };
		3153B78B2247AAFE0006F4EE /* BluetoothLEDevice.swift in Sources */ = {isa = PBXBuildFile; fileRef = 3153B78A2247AAFE0006F4EE /* BluetoothLEDevice.swift */; };
		3153B78D2247ADB30006F4EE /* BluetoothLEDeviceDialog.swift in Sources */ = {isa = PBXBuildFile; fileRef = 3153B78C2247ADB30006F4EE /* BluetoothLEDeviceDialog.swift */; };
		3153B7912247AF990006F4EE /* BluetoothLEDeviceCell.swift in Sources */ = {isa = PBXBuildFile; fileRef = 3153B7902247AF990006F4EE /* BluetoothLEDeviceCell.swift */; };
		3153B7942247B97B0006F4EE /* BluetoothLEDeviceDialogDelegate.swift in Sources */ = {isa = PBXBuildFile; fileRef = 3153B7932247B97B0006F4EE /* BluetoothLEDeviceDialogDelegate.swift */; };
		3156D0E5223E1D3D0040234D /* Action.swift in Sources */ = {isa = PBXBuildFile; fileRef = 3156D0E4223E1D3D0040234D /* Action.swift */; };
		3156D0E7223E1E590040234D /* Protocol.swift in Sources */ = {isa = PBXBuildFile; fileRef = 3156D0E6223E1E590040234D /* Protocol.swift */; };
		3156D0E9223E1F6C0040234D /* Command.swift in Sources */ = {isa = PBXBuildFile; fileRef = 3156D0E8223E1F6C0040234D /* Command.swift */; };
		3156D0EB223E20F40040234D /* RxData.swift in Sources */ = {isa = PBXBuildFile; fileRef = 3156D0EA223E20F40040234D /* RxData.swift */; };
		3156D0EE223E22650040234D /* RxProtocol.swift in Sources */ = {isa = PBXBuildFile; fileRef = 3156D0ED223E22650040234D /* RxProtocol.swift */; };
		3156D0F1223E281B0040234D /* ByteUtil.swift in Sources */ = {isa = PBXBuildFile; fileRef = 3156D0F0223E281B0040234D /* ByteUtil.swift */; };
		3156D0F3223E2B8F0040234D /* StateOperation.swift in Sources */ = {isa = PBXBuildFile; fileRef = 3156D0F2223E2B8F0040234D /* StateOperation.swift */; };
		3156D0F5223E2BF50040234D /* State.swift in Sources */ = {isa = PBXBuildFile; fileRef = 3156D0F4223E2BF50040234D /* State.swift */; };
		3156D0F7223E2C510040234D /* TxProtocol.swift in Sources */ = {isa = PBXBuildFile; fileRef = 3156D0F6223E2C510040234D /* TxProtocol.swift */; };
		3156D0F9223E2DFF0040234D /* TxProtocolHelper.swift in Sources */ = {isa = PBXBuildFile; fileRef = 3156D0F8223E2DFF0040234D /* TxProtocolHelper.swift */; };
		31A9CBAF224218710053DEFB /* Toast.swift in Sources */ = {isa = PBXBuildFile; fileRef = 31A9CBAE224218710053DEFB /* Toast.swift */; };
		31A9CBB2224221D70053DEFB /* EditorTableDelegate.swift in Sources */ = {isa = PBXBuildFile; fileRef = 31A9CBB1224221D70053DEFB /* EditorTableDelegate.swift */; };
		31A9CBB4224245F40053DEFB /* ActionEditorDialog.swift in Sources */ = {isa = PBXBuildFile; fileRef = 31A9CBB3224245F40053DEFB /* ActionEditorDialog.swift */; };
		31E5784D224213D000D830A8 /* ActionEditorCell.swift in Sources */ = {isa = PBXBuildFile; fileRef = 31E5784C224213D000D830A8 /* ActionEditorCell.swift */; };
		31E5784F224213E000D830A8 /* ActionEditorTable.swift in Sources */ = {isa = PBXBuildFile; fileRef = 31E5784E224213E000D830A8 /* ActionEditorTable.swift */; };
		31FD9253224148860022D6E0 /* ActionEditorViewController.swift in Sources */ = {isa = PBXBuildFile; fileRef = 31FD9252224148860022D6E0 /* ActionEditorViewController.swift */; };
		31FD92552241618C0022D6E0 /* ActionUtil.swift in Sources */ = {isa = PBXBuildFile; fileRef = 31FD92542241618C0022D6E0 /* ActionUtil.swift */; };
		31FECFDF2243F53B005F4404 /* AppTabBar.swift in Sources */ = {isa = PBXBuildFile; fileRef = 31FECFDE2243F53B005F4404 /* AppTabBar.swift */; };
/* End PBXBuildFile section */

/* Begin PBXContainerItemProxy section */
		311BE50B223D6450006189D5 /* PBXContainerItemProxy */ = {
			isa = PBXContainerItemProxy;
			containerPortal = 311BE4EC223D644E006189D5 /* Project object */;
			proxyType = 1;
			remoteGlobalIDString = 311BE4F3223D644E006189D5;
			remoteInfo = DuxCycler;
		};
		311BE516223D6450006189D5 /* PBXContainerItemProxy */ = {
			isa = PBXContainerItemProxy;
			containerPortal = 311BE4EC223D644E006189D5 /* Project object */;
			proxyType = 1;
			remoteGlobalIDString = 311BE4F3223D644E006189D5;
			remoteInfo = DuxCycler;
		};
/* End PBXContainerItemProxy section */

/* Begin PBXFileReference section */
		3114364F223E9FBA0029B391 /* ActionTable.swift */ = {isa = PBXFileReference; lastKnownFileType = sourcecode.swift; path = ActionTable.swift; sourceTree = "<group>"; };
		31146345223E61C6003C520B /* BluetoothLEService.swift */ = {isa = PBXFileReference; lastKnownFileType = sourcecode.swift; path = BluetoothLEService.swift; sourceTree = "<group>"; };
		31146347223E6A9A003C520B /* BluetoothLEUUID.swift */ = {isa = PBXFileReference; lastKnownFileType = sourcecode.swift; path = BluetoothLEUUID.swift; sourceTree = "<group>"; };
		31146349223E88DD003C520B /* BluetoothLEServiceDelegate.swift */ = {isa = PBXFileReference; lastKnownFileType = sourcecode.swift; path = BluetoothLEServiceDelegate.swift; sourceTree = "<group>"; };
		3114634B223E91F6003C520B /* StorageUtil.swift */ = {isa = PBXFileReference; lastKnownFileType = sourcecode.swift; path = StorageUtil.swift; sourceTree = "<group>"; };
		3114634F223E9D55003C520B /* ActionCell.swift */ = {isa = PBXFileReference; lastKnownFileType = sourcecode.swift; path = ActionCell.swift; sourceTree = "<group>"; };
		311706AF2242011000D4E575 /* ProtocolManager.swift */ = {isa = PBXFileReference; lastKnownFileType = sourcecode.swift; path = ProtocolManager.swift; sourceTree = "<group>"; };
		311706B1224204AE00D4E575 /* ProtocolEditorCell.swift */ = {isa = PBXFileReference; lastKnownFileType = sourcecode.swift; path = ProtocolEditorCell.swift; sourceTree = "<group>"; };
		311706B3224204BB00D4E575 /* ProtocolEditorTable.swift */ = {isa = PBXFileReference; lastKnownFileType = sourcecode.swift; path = ProtocolEditorTable.swift; sourceTree = "<group>"; };
		311BE4F4223D644E006189D5 /* DuxCycler.app */ = {isa = PBXFileReference; explicitFileType = wrapper.application; includeInIndex = 0; path = DuxCycler.app; sourceTree = BUILT_PRODUCTS_DIR; };
		311BE4F7223D644E006189D5 /* AppDelegate.swift */ = {isa = PBXFileReference; lastKnownFileType = sourcecode.swift; path = AppDelegate.swift; sourceTree = "<group>"; };
		311BE4F9223D644E006189D5 /* PCRViewController.swift */ = {isa = PBXFileReference; lastKnownFileType = sourcecode.swift; path = PCRViewController.swift; sourceTree = "<group>"; };
		311BE4FB223D644E006189D5 /* ProtocolEditorViewController.swift */ = {isa = PBXFileReference; lastKnownFileType = sourcecode.swift; path = ProtocolEditorViewController.swift; sourceTree = "<group>"; };
		311BE4FE223D644E006189D5 /* Base */ = {isa = PBXFileReference; lastKnownFileType = file.storyboard; name = Base; path = Base.lproj/Main.storyboard; sourceTree = "<group>"; };
		311BE500223D6450006189D5 /* Assets.xcassets */ = {isa = PBXFileReference; lastKnownFileType = folder.assetcatalog; path = Assets.xcassets; sourceTree = "<group>"; };
		311BE503223D6450006189D5 /* Base */ = {isa = PBXFileReference; lastKnownFileType = file.storyboard; name = Base; path = Base.lproj/LaunchScreen.storyboard; sourceTree = "<group>"; };
		311BE505223D6450006189D5 /* Info.plist */ = {isa = PBXFileReference; lastKnownFileType = text.plist.xml; path = Info.plist; sourceTree = "<group>"; };
		311BE50A223D6450006189D5 /* DuxCyclerTests.xctest */ = {isa = PBXFileReference; explicitFileType = wrapper.cfbundle; includeInIndex = 0; path = DuxCyclerTests.xctest; sourceTree = BUILT_PRODUCTS_DIR; };
		311BE50E223D6450006189D5 /* DuxCyclerTests.swift */ = {isa = PBXFileReference; lastKnownFileType = sourcecode.swift; path = DuxCyclerTests.swift; sourceTree = "<group>"; };
		311BE510223D6450006189D5 /* Info.plist */ = {isa = PBXFileReference; lastKnownFileType = text.plist.xml; path = Info.plist; sourceTree = "<group>"; };
		311BE515223D6450006189D5 /* DuxCyclerUITests.xctest */ = {isa = PBXFileReference; explicitFileType = wrapper.cfbundle; includeInIndex = 0; path = DuxCyclerUITests.xctest; sourceTree = BUILT_PRODUCTS_DIR; };
		311BE519223D6450006189D5 /* DuxCyclerUITests.swift */ = {isa = PBXFileReference; lastKnownFileType = sourcecode.swift; path = DuxCyclerUITests.swift; sourceTree = "<group>"; };
		311BE51B223D6450006189D5 /* Info.plist */ = {isa = PBXFileReference; lastKnownFileType = text.plist.xml; path = Info.plist; sourceTree = "<group>"; };
		3153B78A2247AAFE0006F4EE /* BluetoothLEDevice.swift */ = {isa = PBXFileReference; lastKnownFileType = sourcecode.swift; path = BluetoothLEDevice.swift; sourceTree = "<group>"; };
		3153B78C2247ADB30006F4EE /* BluetoothLEDeviceDialog.swift */ = {isa = PBXFileReference; lastKnownFileType = sourcecode.swift; path = BluetoothLEDeviceDialog.swift; sourceTree = "<group>"; };
		3153B7902247AF990006F4EE /* BluetoothLEDeviceCell.swift */ = {isa = PBXFileReference; lastKnownFileType = sourcecode.swift; path = BluetoothLEDeviceCell.swift; sourceTree = "<group>"; };
		3153B7932247B97B0006F4EE /* BluetoothLEDeviceDialogDelegate.swift */ = {isa = PBXFileReference; lastKnownFileType = sourcecode.swift; path = BluetoothLEDeviceDialogDelegate.swift; sourceTree = "<group>"; };
		3156D0E4223E1D3D0040234D /* Action.swift */ = {isa = PBXFileReference; lastKnownFileType = sourcecode.swift; path = Action.swift; sourceTree = "<group>"; };
		3156D0E6223E1E590040234D /* Protocol.swift */ = {isa = PBXFileReference; lastKnownFileType = sourcecode.swift; path = Protocol.swift; sourceTree = "<group>"; };
		3156D0E8223E1F6C0040234D /* Command.swift */ = {isa = PBXFileReference; lastKnownFileType = sourcecode.swift; path = Command.swift; sourceTree = "<group>"; };
		3156D0EA223E20F40040234D /* RxData.swift */ = {isa = PBXFileReference; lastKnownFileType = sourcecode.swift; path = RxData.swift; sourceTree = "<group>"; };
		3156D0ED223E22650040234D /* RxProtocol.swift */ = {isa = PBXFileReference; lastKnownFileType = sourcecode.swift; path = RxProtocol.swift; sourceTree = "<group>"; };
		3156D0F0223E281B0040234D /* ByteUtil.swift */ = {isa = PBXFileReference; lastKnownFileType = sourcecode.swift; path = ByteUtil.swift; sourceTree = "<group>"; };
		3156D0F2223E2B8F0040234D /* StateOperation.swift */ = {isa = PBXFileReference; lastKnownFileType = sourcecode.swift; path = StateOperation.swift; sourceTree = "<group>"; };
		3156D0F4223E2BF50040234D /* State.swift */ = {isa = PBXFileReference; lastKnownFileType = sourcecode.swift; path = State.swift; sourceTree = "<group>"; };
		3156D0F6223E2C510040234D /* TxProtocol.swift */ = {isa = PBXFileReference; lastKnownFileType = sourcecode.swift; path = TxProtocol.swift; sourceTree = "<group>"; };
		3156D0F8223E2DFF0040234D /* TxProtocolHelper.swift */ = {isa = PBXFileReference; lastKnownFileType = sourcecode.swift; path = TxProtocolHelper.swift; sourceTree = "<group>"; };
		31A9CBAE224218710053DEFB /* Toast.swift */ = {isa = PBXFileReference; lastKnownFileType = sourcecode.swift; path = Toast.swift; sourceTree = "<group>"; };
		31A9CBB1224221D70053DEFB /* EditorTableDelegate.swift */ = {isa = PBXFileReference; lastKnownFileType = sourcecode.swift; path = EditorTableDelegate.swift; sourceTree = "<group>"; };
		31A9CBB3224245F40053DEFB /* ActionEditorDialog.swift */ = {isa = PBXFileReference; lastKnownFileType = sourcecode.swift; path = ActionEditorDialog.swift; sourceTree = "<group>"; };
		31E5784C224213D000D830A8 /* ActionEditorCell.swift */ = {isa = PBXFileReference; lastKnownFileType = sourcecode.swift; path = ActionEditorCell.swift; sourceTree = "<group>"; };
		31E5784E224213E000D830A8 /* ActionEditorTable.swift */ = {isa = PBXFileReference; lastKnownFileType = sourcecode.swift; path = ActionEditorTable.swift; sourceTree = "<group>"; };
		31FD9252224148860022D6E0 /* ActionEditorViewController.swift */ = {isa = PBXFileReference; lastKnownFileType = sourcecode.swift; path = ActionEditorViewController.swift; sourceTree = "<group>"; };
		31FD92542241618C0022D6E0 /* ActionUtil.swift */ = {isa = PBXFileReference; lastKnownFileType = sourcecode.swift; path = ActionUtil.swift; sourceTree = "<group>"; };
		31FECFDE2243F53B005F4404 /* AppTabBar.swift */ = {isa = PBXFileReference; lastKnownFileType = sourcecode.swift; path = AppTabBar.swift; sourceTree = "<group>"; };
/* End PBXFileReference section */

/* Begin PBXFrameworksBuildPhase section */
		311BE4F1223D644E006189D5 /* Frameworks */ = {
			isa = PBXFrameworksBuildPhase;
			buildActionMask = 2147483647;
			files = (
			);
			runOnlyForDeploymentPostprocessing = 0;
		};
		311BE507223D6450006189D5 /* Frameworks */ = {
			isa = PBXFrameworksBuildPhase;
			buildActionMask = 2147483647;
			files = (
			);
			runOnlyForDeploymentPostprocessing = 0;
		};
		311BE512223D6450006189D5 /* Frameworks */ = {
			isa = PBXFrameworksBuildPhase;
			buildActionMask = 2147483647;
			files = (
			);
			runOnlyForDeploymentPostprocessing = 0;
		};
/* End PBXFrameworksBuildPhase section */

/* Begin PBXGroup section */
		31146344223E6157003C520B /* BluetoothLE */ = {
			isa = PBXGroup;
			children = (
				3153B78A2247AAFE0006F4EE /* BluetoothLEDevice.swift */,
				3153B7902247AF990006F4EE /* BluetoothLEDeviceCell.swift */,
				3153B78C2247ADB30006F4EE /* BluetoothLEDeviceDialog.swift */,
				3153B7932247B97B0006F4EE /* BluetoothLEDeviceDialogDelegate.swift */,
				31146347223E6A9A003C520B /* BluetoothLEUUID.swift */,
				31146345223E61C6003C520B /* BluetoothLEService.swift */,
				31146349223E88DD003C520B /* BluetoothLEServiceDelegate.swift */,
			);
			path = BluetoothLE;
			sourceTree = "<group>";
		};
		31146351223E9D62003C520B /* UI */ = {
			isa = PBXGroup;
			children = (
				3114634F223E9D55003C520B /* ActionCell.swift */,
				3114364F223E9FBA0029B391 /* ActionTable.swift */,
				31E5784C224213D000D830A8 /* ActionEditorCell.swift */,
				31A9CBB3224245F40053DEFB /* ActionEditorDialog.swift */,
				31E5784E224213E000D830A8 /* ActionEditorTable.swift */,
				31FECFDE2243F53B005F4404 /* AppTabBar.swift */,
				31A9CBB1224221D70053DEFB /* EditorTableDelegate.swift */,
				311706B1224204AE00D4E575 /* ProtocolEditorCell.swift */,
				311706B3224204BB00D4E575 /* ProtocolEditorTable.swift */,
				31A9CBAE224218710053DEFB /* Toast.swift */,
			);
			path = UI;
			sourceTree = "<group>";
		};
		311BE4EB223D644E006189D5 = {
			isa = PBXGroup;
			children = (
				311BE4F6223D644E006189D5 /* DuxCycler */,
				311BE50D223D6450006189D5 /* DuxCyclerTests */,
				311BE518223D6450006189D5 /* DuxCyclerUITests */,
				311BE4F5223D644E006189D5 /* Products */,
			);
			sourceTree = "<group>";
		};
		311BE4F5223D644E006189D5 /* Products */ = {
			isa = PBXGroup;
			children = (
				311BE4F4223D644E006189D5 /* DuxCycler.app */,
				311BE50A223D6450006189D5 /* DuxCyclerTests.xctest */,
				311BE515223D6450006189D5 /* DuxCyclerUITests.xctest */,
			);
			name = Products;
			sourceTree = "<group>";
		};
		311BE4F6223D644E006189D5 /* DuxCycler */ = {
			isa = PBXGroup;
			children = (
				31146344223E6157003C520B /* BluetoothLE */,
				3156D0E3223E1D1E0040234D /* Beans */,
				3156D0EC223E22300040234D /* Protocol */,
				31146351223E9D62003C520B /* UI */,
				3156D0EF223E27EC0040234D /* Util */,
				311BE4F7223D644E006189D5 /* AppDelegate.swift */,
				311BE4F9223D644E006189D5 /* PCRViewController.swift */,
				311BE4FB223D644E006189D5 /* ProtocolEditorViewController.swift */,
				31FD9252224148860022D6E0 /* ActionEditorViewController.swift */,
				311BE4FD223D644E006189D5 /* Main.storyboard */,
				311BE500223D6450006189D5 /* Assets.xcassets */,
				311BE502223D6450006189D5 /* LaunchScreen.storyboard */,
				311BE505223D6450006189D5 /* Info.plist */,
			);
			path = DuxCycler;
			sourceTree = "<group>";
		};
		311BE50D223D6450006189D5 /* DuxCyclerTests */ = {
			isa = PBXGroup;
			children = (
				311BE50E223D6450006189D5 /* DuxCyclerTests.swift */,
				311BE510223D6450006189D5 /* Info.plist */,
			);
			path = DuxCyclerTests;
			sourceTree = "<group>";
		};
		311BE518223D6450006189D5 /* DuxCyclerUITests */ = {
			isa = PBXGroup;
			children = (
				311BE519223D6450006189D5 /* DuxCyclerUITests.swift */,
				311BE51B223D6450006189D5 /* Info.plist */,
			);
			path = DuxCyclerUITests;
			sourceTree = "<group>";
		};
		3156D0E3223E1D1E0040234D /* Beans */ = {
			isa = PBXGroup;
			children = (
				3156D0E4223E1D3D0040234D /* Action.swift */,
				3156D0E6223E1E590040234D /* Protocol.swift */,
				311706AF2242011000D4E575 /* ProtocolManager.swift */,
				3156D0EA223E20F40040234D /* RxData.swift */,
			);
			path = Beans;
			sourceTree = "<group>";
		};
		3156D0EC223E22300040234D /* Protocol */ = {
			isa = PBXGroup;
			children = (
				3156D0E8223E1F6C0040234D /* Command.swift */,
				3156D0ED223E22650040234D /* RxProtocol.swift */,
				3156D0F4223E2BF50040234D /* State.swift */,
				3156D0F2223E2B8F0040234D /* StateOperation.swift */,
				3156D0F6223E2C510040234D /* TxProtocol.swift */,
				3156D0F8223E2DFF0040234D /* TxProtocolHelper.swift */,
			);
			path = Protocol;
			sourceTree = "<group>";
		};
		3156D0EF223E27EC0040234D /* Util */ = {
			isa = PBXGroup;
			children = (
				31FD92542241618C0022D6E0 /* ActionUtil.swift */,
				3156D0F0223E281B0040234D /* ByteUtil.swift */,
				3114634B223E91F6003C520B /* StorageUtil.swift */,
			);
			path = Util;
			sourceTree = "<group>";
		};
/* End PBXGroup section */

/* Begin PBXNativeTarget section */
		311BE4F3223D644E006189D5 /* DuxCycler */ = {
			isa = PBXNativeTarget;
			buildConfigurationList = 311BE51E223D6450006189D5 /* Build configuration list for PBXNativeTarget "DuxCycler" */;
			buildPhases = (
				311BE4F0223D644E006189D5 /* Sources */,
				311BE4F1223D644E006189D5 /* Frameworks */,
				311BE4F2223D644E006189D5 /* Resources */,
			);
			buildRules = (
			);
			dependencies = (
			);
			name = DuxCycler;
			productName = DuxCycler;
			productReference = 311BE4F4223D644E006189D5 /* DuxCycler.app */;
			productType = "com.apple.product-type.application";
		};
		311BE509223D6450006189D5 /* DuxCyclerTests */ = {
			isa = PBXNativeTarget;
			buildConfigurationList = 311BE521223D6450006189D5 /* Build configuration list for PBXNativeTarget "DuxCyclerTests" */;
			buildPhases = (
				311BE506223D6450006189D5 /* Sources */,
				311BE507223D6450006189D5 /* Frameworks */,
				311BE508223D6450006189D5 /* Resources */,
			);
			buildRules = (
			);
			dependencies = (
				311BE50C223D6450006189D5 /* PBXTargetDependency */,
			);
			name = DuxCyclerTests;
			productName = DuxCyclerTests;
			productReference = 311BE50A223D6450006189D5 /* DuxCyclerTests.xctest */;
			productType = "com.apple.product-type.bundle.unit-test";
		};
		311BE514223D6450006189D5 /* DuxCyclerUITests */ = {
			isa = PBXNativeTarget;
			buildConfigurationList = 311BE524223D6450006189D5 /* Build configuration list for PBXNativeTarget "DuxCyclerUITests" */;
			buildPhases = (
				311BE511223D6450006189D5 /* Sources */,
				311BE512223D6450006189D5 /* Frameworks */,
				311BE513223D6450006189D5 /* Resources */,
			);
			buildRules = (
			);
			dependencies = (
				311BE517223D6450006189D5 /* PBXTargetDependency */,
			);
			name = DuxCyclerUITests;
			productName = DuxCyclerUITests;
			productReference = 311BE515223D6450006189D5 /* DuxCyclerUITests.xctest */;
			productType = "com.apple.product-type.bundle.ui-testing";
		};
/* End PBXNativeTarget section */

/* Begin PBXProject section */
		311BE4EC223D644E006189D5 /* Project object */ = {
			isa = PBXProject;
			attributes = {
				LastSwiftUpdateCheck = 1010;
				LastUpgradeCheck = 1010;
				ORGANIZATIONNAME = MJH;
				TargetAttributes = {
					311BE4F3223D644E006189D5 = {
						CreatedOnToolsVersion = 10.1;
					};
					311BE509223D6450006189D5 = {
						CreatedOnToolsVersion = 10.1;
						TestTargetID = 311BE4F3223D644E006189D5;
					};
					311BE514223D6450006189D5 = {
						CreatedOnToolsVersion = 10.1;
						TestTargetID = 311BE4F3223D644E006189D5;
					};
				};
			};
			buildConfigurationList = 311BE4EF223D644E006189D5 /* Build configuration list for PBXProject "DuxCycler" */;
			compatibilityVersion = "Xcode 10.0";
			developmentRegion = en;
			hasScannedForEncodings = 0;
			knownRegions = (
				en,
				Base,
			);
			mainGroup = 311BE4EB223D644E006189D5;
			productRefGroup = 311BE4F5223D644E006189D5 /* Products */;
			projectDirPath = "";
			projectRoot = "";
			targets = (
				311BE4F3223D644E006189D5 /* DuxCycler */,
				311BE509223D6450006189D5 /* DuxCyclerTests */,
				311BE514223D6450006189D5 /* DuxCyclerUITests */,
			);
		};
/* End PBXProject section */

/* Begin PBXResourcesBuildPhase section */
		311BE4F2223D644E006189D5 /* Resources */ = {
			isa = PBXResourcesBuildPhase;
			buildActionMask = 2147483647;
			files = (
				311BE504223D6450006189D5 /* LaunchScreen.storyboard in Resources */,
				311BE501223D6450006189D5 /* Assets.xcassets in Resources */,
				311BE4FF223D644E006189D5 /* Main.storyboard in Resources */,
			);
			runOnlyForDeploymentPostprocessing = 0;
		};
		311BE508223D6450006189D5 /* Resources */ = {
			isa = PBXResourcesBuildPhase;
			buildActionMask = 2147483647;
			files = (
			);
			runOnlyForDeploymentPostprocessing = 0;
		};
		311BE513223D6450006189D5 /* Resources */ = {
			isa = PBXResourcesBuildPhase;
			buildActionMask = 2147483647;
			files = (
			);
			runOnlyForDeploymentPostprocessing = 0;
		};
/* End PBXResourcesBuildPhase section */

/* Begin PBXSourcesBuildPhase section */
		311BE4F0223D644E006189D5 /* Sources */ = {
			isa = PBXSourcesBuildPhase;
			buildActionMask = 2147483647;
			files = (
				311BE4FC223D644E006189D5 /* ProtocolEditorViewController.swift in Sources */,
				31146346223E61C6003C520B /* BluetoothLEService.swift in Sources */,
				31A9CBB4224245F40053DEFB /* ActionEditorDialog.swift in Sources */,
				31A9CBB2224221D70053DEFB /* EditorTableDelegate.swift in Sources */,
				311706B4224204BB00D4E575 /* ProtocolEditorTable.swift in Sources */,
				31146348223E6A9A003C520B /* BluetoothLEUUID.swift in Sources */,
				31FD92552241618C0022D6E0 /* ActionUtil.swift in Sources */,
				31143650223E9FBA0029B391 /* ActionTable.swift in Sources */,
				311706B02242011000D4E575 /* ProtocolManager.swift in Sources */,
				31FECFDF2243F53B005F4404 /* AppTabBar.swift in Sources */,
				3153B78B2247AAFE0006F4EE /* BluetoothLEDevice.swift in Sources */,
				3153B7912247AF990006F4EE /* BluetoothLEDeviceCell.swift in Sources */,
				31FD9253224148860022D6E0 /* ActionEditorViewController.swift in Sources */,
				3156D0EB223E20F40040234D /* RxData.swift in Sources */,
				3156D0E9223E1F6C0040234D /* Command.swift in Sources */,
				3156D0F5223E2BF50040234D /* State.swift in Sources */,
				3156D0E5223E1D3D0040234D /* Action.swift in Sources */,
				311BE4F8223D644E006189D5 /* AppDelegate.swift in Sources */,
				3156D0F3223E2B8F0040234D /* StateOperation.swift in Sources */,
				31E5784D224213D000D830A8 /* ActionEditorCell.swift in Sources */,
				31E5784F224213E000D830A8 /* ActionEditorTable.swift in Sources */,
				31A9CBAF224218710053DEFB /* Toast.swift in Sources */,
				311BE4FA223D644E006189D5 /* PCRViewController.swift in Sources */,
				3156D0F1223E281B0040234D /* ByteUtil.swift in Sources */,
				3156D0F7223E2C510040234D /* TxProtocol.swift in Sources */,
				3114634A223E88DD003C520B /* BluetoothLEServiceDelegate.swift in Sources */,
				311706B2224204AE00D4E575 /* ProtocolEditorCell.swift in Sources */,
				3156D0E7223E1E590040234D /* Protocol.swift in Sources */,
				3156D0EE223E22650040234D /* RxProtocol.swift in Sources */,
				31146350223E9D55003C520B /* ActionCell.swift in Sources */,
				3153B7942247B97B0006F4EE /* BluetoothLEDeviceDialogDelegate.swift in Sources */,
				3114634C223E91F6003C520B /* StorageUtil.swift in Sources */,
				3156D0F9223E2DFF0040234D /* TxProtocolHelper.swift in Sources */,
				3153B78D2247ADB30006F4EE /* BluetoothLEDeviceDialog.swift in Sources */,
			);
			runOnlyForDeploymentPostprocessing = 0;
		};
		311BE506223D6450006189D5 /* Sources */ = {
			isa = PBXSourcesBuildPhase;
			buildActionMask = 2147483647;
			files = (
				311BE50F223D6450006189D5 /* DuxCyclerTests.swift in Sources */,
			);
			runOnlyForDeploymentPostprocessing = 0;
		};
		311BE511223D6450006189D5 /* Sources */ = {
			isa = PBXSourcesBuildPhase;
			buildActionMask = 2147483647;
			files = (
				311BE51A223D6450006189D5 /* DuxCyclerUITests.swift in Sources */,
			);
			runOnlyForDeploymentPostprocessing = 0;
		};
/* End PBXSourcesBuildPhase section */

/* Begin PBXTargetDependency section */
		311BE50C223D6450006189D5 /* PBXTargetDependency */ = {
			isa = PBXTargetDependency;
			target = 311BE4F3223D644E006189D5 /* DuxCycler */;
			targetProxy = 311BE50B223D6450006189D5 /* PBXContainerItemProxy */;
		};
		311BE517223D6450006189D5 /* PBXTargetDependency */ = {
			isa = PBXTargetDependency;
			target = 311BE4F3223D644E006189D5 /* DuxCycler */;
			targetProxy = 311BE516223D6450006189D5 /* PBXContainerItemProxy */;
		};
/* End PBXTargetDependency section */

/* Begin PBXVariantGroup section */
		311BE4FD223D644E006189D5 /* Main.storyboard */ = {
			isa = PBXVariantGroup;
			children = (
				311BE4FE223D644E006189D5 /* Base */,
			);
			name = Main.storyboard;
			sourceTree = "<group>";
		};
		311BE502223D6450006189D5 /* LaunchScreen.storyboard */ = {
			isa = PBXVariantGroup;
			children = (
				311BE503223D6450006189D5 /* Base */,
			);
			name = LaunchScreen.storyboard;
			sourceTree = "<group>";
		};
/* End PBXVariantGroup section */

/* Begin XCBuildConfiguration section */
		311BE51C223D6450006189D5 /* Debug */ = {
			isa = XCBuildConfiguration;
			buildSettings = {
				ALWAYS_SEARCH_USER_PATHS = NO;
				CLANG_ANALYZER_NONNULL = YES;
				CLANG_ANALYZER_NUMBER_OBJECT_CONVERSION = YES_AGGRESSIVE;
				CLANG_CXX_LANGUAGE_STANDARD = "gnu++14";
				CLANG_CXX_LIBRARY = "libc++";
				CLANG_ENABLE_MODULES = YES;
				CLANG_ENABLE_OBJC_ARC = YES;
				CLANG_ENABLE_OBJC_WEAK = YES;
				CLANG_WARN_BLOCK_CAPTURE_AUTORELEASING = YES;
				CLANG_WARN_BOOL_CONVERSION = YES;
				CLANG_WARN_COMMA = YES;
				CLANG_WARN_CONSTANT_CONVERSION = YES;
				CLANG_WARN_DEPRECATED_OBJC_IMPLEMENTATIONS = YES;
				CLANG_WARN_DIRECT_OBJC_ISA_USAGE = YES_ERROR;
				CLANG_WARN_DOCUMENTATION_COMMENTS = YES;
				CLANG_WARN_EMPTY_BODY = YES;
				CLANG_WARN_ENUM_CONVERSION = YES;
				CLANG_WARN_INFINITE_RECURSION = YES;
				CLANG_WARN_INT_CONVERSION = YES;
				CLANG_WARN_NON_LITERAL_NULL_CONVERSION = YES;
				CLANG_WARN_OBJC_IMPLICIT_RETAIN_SELF = YES;
				CLANG_WARN_OBJC_LITERAL_CONVERSION = YES;
				CLANG_WARN_OBJC_ROOT_CLASS = YES_ERROR;
				CLANG_WARN_RANGE_LOOP_ANALYSIS = YES;
				CLANG_WARN_STRICT_PROTOTYPES = YES;
				CLANG_WARN_SUSPICIOUS_MOVE = YES;
				CLANG_WARN_UNGUARDED_AVAILABILITY = YES_AGGRESSIVE;
				CLANG_WARN_UNREACHABLE_CODE = YES;
				CLANG_WARN__DUPLICATE_METHOD_MATCH = YES;
				CODE_SIGN_IDENTITY = "iPhone Developer";
				COPY_PHASE_STRIP = NO;
				DEBUG_INFORMATION_FORMAT = dwarf;
				ENABLE_STRICT_OBJC_MSGSEND = YES;
				ENABLE_TESTABILITY = YES;
				GCC_C_LANGUAGE_STANDARD = gnu11;
				GCC_DYNAMIC_NO_PIC = NO;
				GCC_NO_COMMON_BLOCKS = YES;
				GCC_OPTIMIZATION_LEVEL = 0;
				GCC_PREPROCESSOR_DEFINITIONS = (
					"DEBUG=1",
					"$(inherited)",
				);
				GCC_WARN_64_TO_32_BIT_CONVERSION = YES;
				GCC_WARN_ABOUT_RETURN_TYPE = YES_ERROR;
				GCC_WARN_UNDECLARED_SELECTOR = YES;
				GCC_WARN_UNINITIALIZED_AUTOS = YES_AGGRESSIVE;
				GCC_WARN_UNUSED_FUNCTION = YES;
				GCC_WARN_UNUSED_VARIABLE = YES;
				IPHONEOS_DEPLOYMENT_TARGET = 12.1;
				MTL_ENABLE_DEBUG_INFO = INCLUDE_SOURCE;
				MTL_FAST_MATH = YES;
				ONLY_ACTIVE_ARCH = YES;
				SDKROOT = iphoneos;
				SWIFT_ACTIVE_COMPILATION_CONDITIONS = DEBUG;
				SWIFT_OPTIMIZATION_LEVEL = "-Onone";
			};
			name = Debug;
		};
		311BE51D223D6450006189D5 /* Release */ = {
			isa = XCBuildConfiguration;
			buildSettings = {
				ALWAYS_SEARCH_USER_PATHS = NO;
				CLANG_ANALYZER_NONNULL = YES;
				CLANG_ANALYZER_NUMBER_OBJECT_CONVERSION = YES_AGGRESSIVE;
				CLANG_CXX_LANGUAGE_STANDARD = "gnu++14";
				CLANG_CXX_LIBRARY = "libc++";
				CLANG_ENABLE_MODULES = YES;
				CLANG_ENABLE_OBJC_ARC = YES;
				CLANG_ENABLE_OBJC_WEAK = YES;
				CLANG_WARN_BLOCK_CAPTURE_AUTORELEASING = YES;
				CLANG_WARN_BOOL_CONVERSION = YES;
				CLANG_WARN_COMMA = YES;
				CLANG_WARN_CONSTANT_CONVERSION = YES;
				CLANG_WARN_DEPRECATED_OBJC_IMPLEMENTATIONS = YES;
				CLANG_WARN_DIRECT_OBJC_ISA_USAGE = YES_ERROR;
				CLANG_WARN_DOCUMENTATION_COMMENTS = YES;
				CLANG_WARN_EMPTY_BODY = YES;
				CLANG_WARN_ENUM_CONVERSION = YES;
				CLANG_WARN_INFINITE_RECURSION = YES;
				CLANG_WARN_INT_CONVERSION = YES;
				CLANG_WARN_NON_LITERAL_NULL_CONVERSION = YES;
				CLANG_WARN_OBJC_IMPLICIT_RETAIN_SELF = YES;
				CLANG_WARN_OBJC_LITERAL_CONVERSION = YES;
				CLANG_WARN_OBJC_ROOT_CLASS = YES_ERROR;
				CLANG_WARN_RANGE_LOOP_ANALYSIS = YES;
				CLANG_WARN_STRICT_PROTOTYPES = YES;
				CLANG_WARN_SUSPICIOUS_MOVE = YES;
				CLANG_WARN_UNGUARDED_AVAILABILITY = YES_AGGRESSIVE;
				CLANG_WARN_UNREACHABLE_CODE = YES;
				CLANG_WARN__DUPLICATE_METHOD_MATCH = YES;
				CODE_SIGN_IDENTITY = "iPhone Developer";
				COPY_PHASE_STRIP = NO;
				DEBUG_INFORMATION_FORMAT = "dwarf-with-dsym";
				ENABLE_NS_ASSERTIONS = NO;
				ENABLE_STRICT_OBJC_MSGSEND = YES;
				GCC_C_LANGUAGE_STANDARD = gnu11;
				GCC_NO_COMMON_BLOCKS = YES;
				GCC_WARN_64_TO_32_BIT_CONVERSION = YES;
				GCC_WARN_ABOUT_RETURN_TYPE = YES_ERROR;
				GCC_WARN_UNDECLARED_SELECTOR = YES;
				GCC_WARN_UNINITIALIZED_AUTOS = YES_AGGRESSIVE;
				GCC_WARN_UNUSED_FUNCTION = YES;
				GCC_WARN_UNUSED_VARIABLE = YES;
				IPHONEOS_DEPLOYMENT_TARGET = 12.1;
				MTL_ENABLE_DEBUG_INFO = NO;
				MTL_FAST_MATH = YES;
				SDKROOT = iphoneos;
				SWIFT_COMPILATION_MODE = wholemodule;
				SWIFT_OPTIMIZATION_LEVEL = "-O";
				VALIDATE_PRODUCT = YES;
			};
			name = Release;
		};
		311BE51F223D6450006189D5 /* Debug */ = {
			isa = XCBuildConfiguration;
			buildSettings = {
				ASSETCATALOG_COMPILER_APPICON_NAME = AppIcon;
				CODE_SIGN_IDENTITY = "iPhone Developer";
				CODE_SIGN_STYLE = Automatic;
				DEVELOPMENT_TEAM = CCSM26Y5F5;
				INFOPLIST_FILE = DuxCycler/Info.plist;
				LD_RUNPATH_SEARCH_PATHS = (
					"$(inherited)",
					"@executable_path/Frameworks",
				);
				PRODUCT_BUNDLE_IDENTIFIER = com.biomedux.DuxCycler;
				PRODUCT_NAME = "$(TARGET_NAME)";
				PROVISIONING_PROFILE_SPECIFIER = "";
				SWIFT_VERSION = 4.2;
				TARGETED_DEVICE_FAMILY = "1,2";
			};
			name = Debug;
		};
		311BE520223D6450006189D5 /* Release */ = {
			isa = XCBuildConfiguration;
			buildSettings = {
				ASSETCATALOG_COMPILER_APPICON_NAME = AppIcon;
				CODE_SIGN_IDENTITY = "iPhone Developer";
				CODE_SIGN_STYLE = Automatic;
				DEVELOPMENT_TEAM = CCSM26Y5F5;
				INFOPLIST_FILE = DuxCycler/Info.plist;
				LD_RUNPATH_SEARCH_PATHS = (
					"$(inherited)",
					"@executable_path/Frameworks",
				);
				PRODUCT_BUNDLE_IDENTIFIER = com.biomedux.DuxCycler;
				PRODUCT_NAME = "$(TARGET_NAME)";
				PROVISIONING_PROFILE_SPECIFIER = "";
				SWIFT_VERSION = 4.2;
				TARGETED_DEVICE_FAMILY = "1,2";
			};
			name = Release;
		};
		311BE522223D6450006189D5 /* Debug */ = {
			isa = XCBuildConfiguration;
			buildSettings = {
				ALWAYS_EMBED_SWIFT_STANDARD_LIBRARIES = YES;
				BUNDLE_LOADER = "$(TEST_HOST)";
				CODE_SIGN_STYLE = Automatic;
				INFOPLIST_FILE = DuxCyclerTests/Info.plist;
				LD_RUNPATH_SEARCH_PATHS = (
					"$(inherited)",
					"@executable_path/Frameworks",
					"@loader_path/Frameworks",
				);
				PRODUCT_BUNDLE_IDENTIFIER = com.biomedux.DuxCyclerTests;
				PRODUCT_NAME = "$(TARGET_NAME)";
				SWIFT_VERSION = 4.2;
				TARGETED_DEVICE_FAMILY = "1,2";
				TEST_HOST = "$(BUILT_PRODUCTS_DIR)/DuxCycler.app/DuxCycler";
			};
			name = Debug;
		};
		311BE523223D6450006189D5 /* Release */ = {
			isa = XCBuildConfiguration;
			buildSettings = {
				ALWAYS_EMBED_SWIFT_STANDARD_LIBRARIES = YES;
				BUNDLE_LOADER = "$(TEST_HOST)";
				CODE_SIGN_STYLE = Automatic;
				INFOPLIST_FILE = DuxCyclerTests/Info.plist;
				LD_RUNPATH_SEARCH_PATHS = (
					"$(inherited)",
					"@executable_path/Frameworks",
					"@loader_path/Frameworks",
				);
				PRODUCT_BUNDLE_IDENTIFIER = com.biomedux.DuxCyclerTests;
				PRODUCT_NAME = "$(TARGET_NAME)";
				SWIFT_VERSION = 4.2;
				TARGETED_DEVICE_FAMILY = "1,2";
				TEST_HOST = "$(BUILT_PRODUCTS_DIR)/DuxCycler.app/DuxCycler";
			};
			name = Release;
		};
		311BE525223D6450006189D5 /* Debug */ = {
			isa = XCBuildConfiguration;
			buildSettings = {
				ALWAYS_EMBED_SWIFT_STANDARD_LIBRARIES = YES;
				CODE_SIGN_STYLE = Automatic;
				INFOPLIST_FILE = DuxCyclerUITests/Info.plist;
				LD_RUNPATH_SEARCH_PATHS = (
					"$(inherited)",
					"@executable_path/Frameworks",
					"@loader_path/Frameworks",
				);
				PRODUCT_BUNDLE_IDENTIFIER = com.biomedux.DuxCyclerUITests;
				PRODUCT_NAME = "$(TARGET_NAME)";
				SWIFT_VERSION = 4.2;
				TARGETED_DEVICE_FAMILY = "1,2";
				TEST_TARGET_NAME = DuxCycler;
			};
			name = Debug;
		};
		311BE526223D6450006189D5 /* Release */ = {
			isa = XCBuildConfiguration;
			buildSettings = {
				ALWAYS_EMBED_SWIFT_STANDARD_LIBRARIES = YES;
				CODE_SIGN_STYLE = Automatic;
				INFOPLIST_FILE = DuxCyclerUITests/Info.plist;
				LD_RUNPATH_SEARCH_PATHS = (
					"$(inherited)",
					"@executable_path/Frameworks",
					"@loader_path/Frameworks",
				);
				PRODUCT_BUNDLE_IDENTIFIER = com.biomedux.DuxCyclerUITests;
				PRODUCT_NAME = "$(TARGET_NAME)";
				SWIFT_VERSION = 4.2;
				TARGETED_DEVICE_FAMILY = "1,2";
				TEST_TARGET_NAME = DuxCycler;
			};
			name = Release;
		};
/* End XCBuildConfiguration section */

/* Begin XCConfigurationList section */
		311BE4EF223D644E006189D5 /* Build configuration list for PBXProject "DuxCycler" */ = {
			isa = XCConfigurationList;
			buildConfigurations = (
				311BE51C223D6450006189D5 /* Debug */,
				311BE51D223D6450006189D5 /* Release */,
			);
			defaultConfigurationIsVisible = 0;
			defaultConfigurationName = Release;
		};
		311BE51E223D6450006189D5 /* Build configuration list for PBXNativeTarget "DuxCycler" */ = {
			isa = XCConfigurationList;
			buildConfigurations = (
				311BE51F223D6450006189D5 /* Debug */,
				311BE520223D6450006189D5 /* Release */,
			);
			defaultConfigurationIsVisible = 0;
			defaultConfigurationName = Release;
		};
		311BE521223D6450006189D5 /* Build configuration list for PBXNativeTarget "DuxCyclerTests" */ = {
			isa = XCConfigurationList;
			buildConfigurations = (
				311BE522223D6450006189D5 /* Debug */,
				311BE523223D6450006189D5 /* Release */,
			);
			defaultConfigurationIsVisible = 0;
			defaultConfigurationName = Release;
		};
		311BE524223D6450006189D5 /* Build configuration list for PBXNativeTarget "DuxCyclerUITests" */ = {
			isa = XCConfigurationList;
			buildConfigurations = (
				311BE525223D6450006189D5 /* Debug */,
				311BE526223D6450006189D5 /* Release */,
			);
			defaultConfigurationIsVisible = 0;
			defaultConfigurationName = Release;
		};
/* End XCConfigurationList section */
	};
	rootObject = 311BE4EC223D644E006189D5 /* Project object */;
}
